
Microsoft Visual Studio Solution File, Format Version 12.00
# Visual Studio Version 16
VisualStudioVersion = 16.0.30621.155
MinimumVisualStudioVersion = 10.0.40219.1
Project("{FAE04EC0-301F-11D3-BF4B-00C04F79EFBC}") = "DocArhive", "DocArhive\DocArhive.csproj", "{5EBC153E-8368-4F9F-95F5-1AEC07C1A000}"
EndProject
Global
	GlobalSection(SolutionConfigurationPlatforms) = preSolution
		Debug|Any CPU = Debug|Any CPU
		Release|Any CPU = Release|Any CPU
	EndGlobalSection
	GlobalSection(ProjectConfigurationPlatforms) = postSolution
		{5EBC153E-8368-4F9F-95F5-1AEC07C1A000}.Debug|Any CPU.ActiveCfg = Debug|Any CPU
		{5EBC153E-8368-4F9F-95F5-1AEC07C1A000}.Debug|Any CPU.Build.0 = Debug|Any CPU
		{5EBC153E-8368-4F9F-95F5-1AEC07C1A000}.Release|Any CPU.ActiveCfg = Release|Any CPU
		{5EBC153E-8368-4F9F-95F5-1AEC07C1A000}.Release|Any CPU.Build.0 = Release|Any CPU
	EndGlobalSection
	GlobalSection(SolutionProperties) = preSolution
		HideSolutionNode = FALSE
	EndGlobalSection
	GlobalSection(ExtensibilityGlobals) = postSolution
		SolutionGuid = {B155C3AE-4F93-4B16-8F95-CF6F1BFC3ED3}
	EndGlobalSection
EndGlobal
